
Microsoft Visual Studio Solution File, Format Version 12.00
# Visual Studio Version 16
VisualStudioVersion = 16.0.30804.86
MinimumVisualStudioVersion = 10.0.40219.1
Project("{FAE04EC0-301F-11D3-BF4B-00C04F79EFBC}") = "XamarinFormsNav.UWP", "XamarinFormsNav\XamarinFormsNav.UWP\XamarinFormsNav.UWP.csproj", "{79BC1F51-2584-4FC2-A95A-E417BFEF67F5}"
EndProject
Project("{FAE04EC0-301F-11D3-BF4B-00C04F79EFBC}") = "XamarinFormsNav.Android", "XamarinFormsNav\XamarinFormsNav.Android\XamarinFormsNav.Android.csproj", "{1ED87552-EF99-42A2-9851-FA56CF5CB72B}"
EndProject
Project("{FAE04EC0-301F-11D3-BF4B-00C04F79EFBC}") = "XamarinFormsNav.iOS", "XamarinFormsNav\XamarinFormsNav.iOS\XamarinFormsNav.iOS.csproj", "{B37DB4D0-4503-4857-A96C-60568389BB94}"
EndProject
Project("{FAE04EC0-301F-11D3-BF4B-00C04F79EFBC}") = "XamarinFormsNav", "XamarinFormsNav\XamarinFormsNav\XamarinFormsNav.csproj", "{93780064-5077-4952-955C-E9DC8D5B353D}"
EndProject
Global
	GlobalSection(SolutionConfigurationPlatforms) = preSolution
		Debug|Any CPU = Debug|Any CPU
		Debug|ARM = Debug|ARM
		Debug|iPhone = Debug|iPhone
		Debug|iPhoneSimulator = Debug|iPhoneSimulator
		Debug|x64 = Debug|x64
		Debug|x86 = Debug|x86
		Release|Any CPU = Release|Any CPU
		Release|ARM = Release|ARM
		Release|iPhone = Release|iPhone
		Release|iPhoneSimulator = Release|iPhoneSimulator
		Release|x64 = Release|x64
		Release|x86 = Release|x86
	EndGlobalSection
	GlobalSection(ProjectConfigurationPlatforms) = postSolution
		{79BC1F51-2584-4FC2-A95A-E417BFEF67F5}.Debug|Any CPU.ActiveCfg = Debug|x86
		{79BC1F51-2584-4FC2-A95A-E417BFEF67F5}.Debug|ARM.ActiveCfg = Debug|ARM
		{79BC1F51-2584-4FC2-A95A-E417BFEF67F5}.Debug|ARM.Build.0 = Debug|ARM
		{79BC1F51-2584-4FC2-A95A-E417BFEF67F5}.Debug|ARM.Deploy.0 = Debug|ARM
		{79BC1F51-2584-4FC2-A95A-E417BFEF67F5}.Debug|iPhone.ActiveCfg = Debug|x86
		{79BC1F51-2584-4FC2-A95A-E417BFEF67F5}.Debug|iPhoneSimulator.ActiveCfg = Debug|x86
		{79BC1F51-2584-4FC2-A95A-E417BFEF67F5}.Debug|x64.ActiveCfg = Debug|x64
		{79BC1F51-2584-4FC2-A95A-E417BFEF67F5}.Debug|x64.Build.0 = Debug|x64
		{79BC1F51-2584-4FC2-A95A-E417BFEF67F5}.Debug|x64.Deploy.0 = Debug|x64
		{79BC1F51-2584-4FC2-A95A-E417BFEF67F5}.Debug|x86.ActiveCfg = Debug|x86
		{79BC1F51-2584-4FC2-A95A-E417BFEF67F5}.Debug|x86.Build.0 = Debug|x86
		{79BC1F51-2584-4FC2-A95A-E417BFEF67F5}.Debug|x86.Deploy.0 = Debug|x86
		{79BC1F51-2584-4FC2-A95A-E417BFEF67F5}.Release|Any CPU.ActiveCfg = Release|x86
		{79BC1F51-2584-4FC2-A95A-E417BFEF67F5}.Release|ARM.ActiveCfg = Release|ARM
		{79BC1F51-2584-4FC2-A95A-E417BFEF67F5}.Release|ARM.Build.0 = Release|ARM
		{79BC1F51-2584-4FC2-A95A-E417BFEF67F5}.Release|ARM.Deploy.0 = Release|ARM
		{79BC1F51-2584-4FC2-A95A-E417BFEF67F5}.Release|iPhone.ActiveCfg = Release|x86
		{79BC1F51-2584-4FC2-A95A-E417BFEF67F5}.Release|iPhoneSimulator.ActiveCfg = Release|x86
		{79BC1F51-2584-4FC2-A95A-E417BFEF67F5}.Release|x64.ActiveCfg = Release|x64
		{79BC1F51-2584-4FC2-A95A-E417BFEF67F5}.Release|x64.Build.0 = Release|x64
		{79BC1F51-2584-4FC2-A95A-E417BFEF67F5}.Release|x64.Deploy.0 = Release|x64
		{79BC1F51-2584-4FC2-A95A-E417BFEF67F5}.Release|x86.ActiveCfg = Release|x86
		{79BC1F51-2584-4FC2-A95A-E417BFEF67F5}.Release|x86.Build.0 = Release|x86
		{79BC1F51-2584-4FC2-A95A-E417BFEF67F5}.Release|x86.Deploy.0 = Release|x86
		{1ED87552-EF99-42A2-9851-FA56CF5CB72B}.Debug|Any CPU.ActiveCfg = Debug|Any CPU
		{1ED87552-EF99-42A2-9851-FA56CF5CB72B}.Debug|Any CPU.Build.0 = Debug|Any CPU
		{1ED87552-EF99-42A2-9851-FA56CF5CB72B}.Debug|Any CPU.Deploy.0 = Debug|Any CPU
		{1ED87552-EF99-42A2-9851-FA56CF5CB72B}.Debug|ARM.ActiveCfg = Debug|Any CPU
		{1ED87552-EF99-42A2-9851-FA56CF5CB72B}.Debug|ARM.Build.0 = Debug|Any CPU
		{1ED87552-EF99-42A2-9851-FA56CF5CB72B}.Debug|ARM.Deploy.0 = Debug|Any CPU
		{1ED87552-EF99-42A2-9851-FA56CF5CB72B}.Debug|iPhone.ActiveCfg = Debug|Any CPU
		{1ED87552-EF99-42A2-9851-FA56CF5CB72B}.Debug|iPhone.Build.0 = Debug|Any CPU
		{1ED87552-EF99-42A2-9851-FA56CF5CB72B}.Debug|iPhone.Deploy.0 = Debug|Any CPU
		{1ED87552-EF99-42A2-9851-FA56CF5CB72B}.Debug|iPhoneSimulator.ActiveCfg = Debug|Any CPU
		{1ED87552-EF99-42A2-9851-FA56CF5CB72B}.Debug|iPhoneSimulator.Build.0 = Debug|Any CPU
		{1ED87552-EF99-42A2-9851-FA56CF5CB72B}.Debug|iPhoneSimulator.Deploy.0 = Debug|Any CPU
		{1ED87552-EF99-42A2-9851-FA56CF5CB72B}.Debug|x64.ActiveCfg = Debug|Any CPU
		{1ED87552-EF99-42A2-9851-FA56CF5CB72B}.Debug|x64.Build.0 = Debug|Any CPU
		{1ED87552-EF99-42A2-9851-FA56CF5CB72B}.Debug|x64.Deploy.0 = Debug|Any CPU
		{1ED87552-EF99-42A2-9851-FA56CF5CB72B}.Debug|x86.ActiveCfg = Debug|Any CPU
		{1ED87552-EF99-42A2-9851-FA56CF5CB72B}.Debug|x86.Build.0 = Debug|Any CPU
		{1ED87552-EF99-42A2-9851-FA56CF5CB72B}.Debug|x86.Deploy.0 = Debug|Any CPU
		{1ED87552-EF99-42A2-9851-FA56CF5CB72B}.Release|Any CPU.ActiveCfg = Release|Any CPU
		{1ED87552-EF99-42A2-9851-FA56CF5CB72B}.Release|Any CPU.Build.0 = Release|Any CPU
		{1ED87552-EF99-42A2-9851-FA56CF5CB72B}.Release|Any CPU.Deploy.0 = Release|Any CPU
		{1ED87552-EF99-42A2-9851-FA56CF5CB72B}.Release|ARM.ActiveCfg = Release|Any CPU
		{1ED87552-EF99-42A2-9851-FA56CF5CB72B}.Release|ARM.Build.0 = Release|Any CPU
		{1ED87552-EF99-42A2-9851-FA56CF5CB72B}.Release|ARM.Deploy.0 = Release|Any CPU
		{1ED87552-EF99-42A2-9851-FA56CF5CB72B}.Release|iPhone.ActiveCfg = Release|Any CPU
		{1ED87552-EF99-42A2-9851-FA56CF5CB72B}.Release|iPhone.Build.0 = Release|Any CPU
		{1ED87552-EF99-42A2-9851-FA56CF5CB72B}.Release|iPhone.Deploy.0 = Release|Any CPU
		{1ED87552-EF99-42A2-9851-FA56CF5CB72B}.Release|iPhoneSimulator.ActiveCfg = Release|Any CPU
		{1ED87552-EF99-42A2-9851-FA56CF5CB72B}.Release|iPhoneSimulator.Build.0 = Release|Any CPU
		{1ED87552-EF99-42A2-9851-FA56CF5CB72B}.Release|iPhoneSimulator.Deploy.0 = Release|Any CPU
		{1ED87552-EF99-42A2-9851-FA56CF5CB72B}.Release|x64.ActiveCfg = Release|Any CPU
		{1ED87552-EF99-42A2-9851-FA56CF5CB72B}.Release|x64.Build.0 = Release|Any CPU
		{1ED87552-EF99-42A2-9851-FA56CF5CB72B}.Release|x64.Deploy.0 = Release|Any CPU
		{1ED87552-EF99-42A2-9851-FA56CF5CB72B}.Release|x86.ActiveCfg = Release|Any CPU
		{1ED87552-EF99-42A2-9851-FA56CF5CB72B}.Release|x86.Build.0 = Release|Any CPU
		{1ED87552-EF99-42A2-9851-FA56CF5CB72B}.Release|x86.Deploy.0 = Release|Any CPU
		{B37DB4D0-4503-4857-A96C-60568389BB94}.Debug|Any CPU.ActiveCfg = Debug|iPhoneSimulator
		{B37DB4D0-4503-4857-A96C-60568389BB94}.Debug|ARM.ActiveCfg = Debug|iPhoneSimulator
		{B37DB4D0-4503-4857-A96C-60568389BB94}.Debug|iPhone.ActiveCfg = Debug|iPhone
		{B37DB4D0-4503-4857-A96C-60568389BB94}.Debug|iPhone.Build.0 = Debug|iPhone
		{B37DB4D0-4503-4857-A96C-60568389BB94}.Debug|iPhoneSimulator.ActiveCfg = Debug|iPhoneSimulator
		{B37DB4D0-4503-4857-A96C-60568389BB94}.Debug|iPhoneSimulator.Build.0 = Debug|iPhoneSimulator
		{B37DB4D0-4503-4857-A96C-60568389BB94}.Debug|x64.ActiveCfg = Debug|iPhoneSimulator
		{B37DB4D0-4503-4857-A96C-60568389BB94}.Debug|x86.ActiveCfg = Debug|iPhoneSimulator
		{B37DB4D0-4503-4857-A96C-60568389BB94}.Release|Any CPU.ActiveCfg = Release|iPhoneSimulator
		{B37DB4D0-4503-4857-A96C-60568389BB94}.Release|ARM.ActiveCfg = Release|iPhoneSimulator
		{B37DB4D0-4503-4857-A96C-60568389BB94}.Release|iPhone.ActiveCfg = Release|iPhone
		{B37DB4D0-4503-4857-A96C-60568389BB94}.Release|iPhone.Build.0 = Release|iPhone
		{B37DB4D0-4503-4857-A96C-60568389BB94}.Release|iPhoneSimulator.ActiveCfg = Release|iPhoneSimulator
		{B37DB4D0-4503-4857-A96C-60568389BB94}.Release|iPhoneSimulator.Build.0 = Release|iPhoneSimulator
		{B37DB4D0-4503-4857-A96C-60568389BB94}.Release|x64.ActiveCfg = Release|iPhoneSimulator
		{B37DB4D0-4503-4857-A96C-60568389BB94}.Release|x86.ActiveCfg = Release|iPhoneSimulator
		{93780064-5077-4952-955C-E9DC8D5B353D}.Debug|Any CPU.ActiveCfg = Debug|Any CPU
		{93780064-5077-4952-955C-E9DC8D5B353D}.Debug|Any CPU.Build.0 = Debug|Any CPU
		{93780064-5077-4952-955C-E9DC8D5B353D}.Debug|ARM.ActiveCfg = Debug|Any CPU
		{93780064-5077-4952-955C-E9DC8D5B353D}.Debug|ARM.Build.0 = Debug|Any CPU
		{93780064-5077-4952-955C-E9DC8D5B353D}.Debug|iPhone.ActiveCfg = Debug|Any CPU
		{93780064-5077-4952-955C-E9DC8D5B353D}.Debug|iPhone.Build.0 = Debug|Any CPU
		{93780064-5077-4952-955C-E9DC8D5B353D}.Debug|iPhoneSimulator.ActiveCfg = Debug|Any CPU
		{93780064-5077-4952-955C-E9DC8D5B353D}.Debug|iPhoneSimulator.Build.0 = Debug|Any CPU
		{93780064-5077-4952-955C-E9DC8D5B353D}.Debug|x64.ActiveCfg = Debug|Any CPU
		{93780064-5077-4952-955C-E9DC8D5B353D}.Debug|x64.Build.0 = Debug|Any CPU
		{93780064-5077-4952-955C-E9DC8D5B353D}.Debug|x86.ActiveCfg = Debug|Any CPU
		{93780064-5077-4952-955C-E9DC8D5B353D}.Debug|x86.Build.0 = Debug|Any CPU
		{93780064-5077-4952-955C-E9DC8D5B353D}.Release|Any CPU.ActiveCfg = Release|Any CPU
		{93780064-5077-4952-955C-E9DC8D5B353D}.Release|Any CPU.Build.0 = Release|Any CPU
		{93780064-5077-4952-955C-E9DC8D5B353D}.Release|ARM.ActiveCfg = Release|Any CPU
		{93780064-5077-4952-955C-E9DC8D5B353D}.Release|ARM.Build.0 = Release|Any CPU
		{93780064-5077-4952-955C-E9DC8D5B353D}.Release|iPhone.ActiveCfg = Release|Any CPU
		{93780064-5077-4952-955C-E9DC8D5B353D}.Release|iPhone.Build.0 = Release|Any CPU
		{93780064-5077-4952-955C-E9DC8D5B353D}.Release|iPhoneSimulator.ActiveCfg = Release|Any CPU
		{93780064-5077-4952-955C-E9DC8D5B353D}.Release|iPhoneSimulator.Build.0 = Release|Any CPU
		{93780064-5077-4952-955C-E9DC8D5B353D}.Release|x64.ActiveCfg = Release|Any CPU
		{93780064-5077-4952-955C-E9DC8D5B353D}.Release|x64.Build.0 = Release|Any CPU
		{93780064-5077-4952-955C-E9DC8D5B353D}.Release|x86.ActiveCfg = Release|Any CPU
		{93780064-5077-4952-955C-E9DC8D5B353D}.Release|x86.Build.0 = Release|Any CPU
	EndGlobalSection
	GlobalSection(SolutionProperties) = preSolution
		HideSolutionNode = FALSE
	EndGlobalSection
	GlobalSection(ExtensibilityGlobals) = postSolution
		SolutionGuid = {E46F7F6D-2E51-4E5F-A528-D00583918D87}
	EndGlobalSection
EndGlobal
